
Microsoft Visual Studio Solution File, Format Version 12.00
# Visual Studio Version 16
VisualStudioVersion = 16.0.31515.178
MinimumVisualStudioVersion = 10.0.40219.1
Project("{FAE04EC0-301F-11D3-BF4B-00C04F79EFBC}") = "AdventOfCode2021", "AdventOfCode2021\AdventOfCode2021.csproj", "{CE846995-B617-4593-B569-1CF205D4243A}"
EndProject
Global
	GlobalSection(SolutionConfigurationPlatforms) = preSolution
		Debug|Any CPU = Debug|Any CPU
		Release|Any CPU = Release|Any CPU
	EndGlobalSection
	GlobalSection(ProjectConfigurationPlatforms) = postSolution
		{CE846995-B617-4593-B569-1CF205D4243A}.Debug|Any CPU.ActiveCfg = Debug|Any CPU
		{CE846995-B617-4593-B569-1CF205D4243A}.Debug|Any CPU.Build.0 = Debug|Any CPU
		{CE846995-B617-4593-B569-1CF205D4243A}.Release|Any CPU.ActiveCfg = Release|Any CPU
		{CE846995-B617-4593-B569-1CF205D4243A}.Release|Any CPU.Build.0 = Release|Any CPU
	EndGlobalSection
	GlobalSection(SolutionProperties) = preSolution
		HideSolutionNode = FALSE
	EndGlobalSection
	GlobalSection(ExtensibilityGlobals) = postSolution
		SolutionGuid = {C8EC735C-F1F3-4535-BD46-FCDA56F30B9D}
	EndGlobalSection
EndGlobal
